// !$*UTF8*$!
{
	archiveVersion = 1;
	classes = {
	};
	objectVersion = 50;
	objects = {

/* Begin PBXBuildFile section */
		4E33DC072363C31800488F66 /* AppDelegate.swift in Sources */ = {isa = PBXBuildFile; fileRef = 4E33DC062363C31800488F66 /* AppDelegate.swift */; };
		4E33DC092363C31800488F66 /* SceneDelegate.swift in Sources */ = {isa = PBXBuildFile; fileRef = 4E33DC082363C31800488F66 /* SceneDelegate.swift */; };
		4E33DC0B2363C31800488F66 /* ViewController.swift in Sources */ = {isa = PBXBuildFile; fileRef = 4E33DC0A2363C31800488F66 /* ViewController.swift */; };
		4E33DC0E2363C31800488F66 /* Main.storyboard in Resources */ = {isa = PBXBuildFile; fileRef = 4E33DC0C2363C31800488F66 /* Main.storyboard */; };
		4E33DC102363C31B00488F66 /* Assets.xcassets in Resources */ = {isa = PBXBuildFile; fileRef = 4E33DC0F2363C31B00488F66 /* Assets.xcassets */; };
		4E33DC132363C31B00488F66 /* LaunchScreen.storyboard in Resources */ = {isa = PBXBuildFile; fileRef = 4E33DC112363C31B00488F66 /* LaunchScreen.storyboard */; };
		4E33DC1C236B5DFF00488F66 /* SwipingController.swift in Sources */ = {isa = PBXBuildFile; fileRef = 4E33DC1B236B5DFF00488F66 /* SwipingController.swift */; };
		4E33DC1E236BB76E00488F66 /* PageCell.swift in Sources */ = {isa = PBXBuildFile; fileRef = 4E33DC1D236BB76E00488F66 /* PageCell.swift */; };
		4E33DC20236CFCFE00488F66 /* Page.swift in Sources */ = {isa = PBXBuildFile; fileRef = 4E33DC1F236CFCFD00488F66 /* Page.swift */; };
		4E33DC222376718900488F66 /* SwipingController+Extension.swift in Sources */ = {isa = PBXBuildFile; fileRef = 4E33DC212376718900488F66 /* SwipingController+Extension.swift */; };
/* End PBXBuildFile section */

/* Begin PBXFileReference section */
		4E33DC032363C31800488F66 /* AutoLayoutProgrammatically.app */ = {isa = PBXFileReference; explicitFileType = wrapper.application; includeInIndex = 0; path = AutoLayoutProgrammatically.app; sourceTree = BUILT_PRODUCTS_DIR; };
		4E33DC062363C31800488F66 /* AppDelegate.swift */ = {isa = PBXFileReference; lastKnownFileType = sourcecode.swift; path = AppDelegate.swift; sourceTree = "<group>"; };
		4E33DC082363C31800488F66 /* SceneDelegate.swift */ = {isa = PBXFileReference; lastKnownFileType = sourcecode.swift; path = SceneDelegate.swift; sourceTree = "<group>"; };
		4E33DC0A2363C31800488F66 /* ViewController.swift */ = {isa = PBXFileReference; lastKnownFileType = sourcecode.swift; path = ViewController.swift; sourceTree = "<group>"; };
		4E33DC0D2363C31800488F66 /* Base */ = {isa = PBXFileReference; lastKnownFileType = file.storyboard; name = Base; path = Base.lproj/Main.storyboard; sourceTree = "<group>"; };
		4E33DC0F2363C31B00488F66 /* Assets.xcassets */ = {isa = PBXFileReference; lastKnownFileType = folder.assetcatalog; path = Assets.xcassets; sourceTree = "<group>"; };
		4E33DC122363C31B00488F66 /* Base */ = {isa = PBXFileReference; lastKnownFileType = file.storyboard; name = Base; path = Base.lproj/LaunchScreen.storyboard; sourceTree = "<group>"; };
		4E33DC142363C31B00488F66 /* Info.plist */ = {isa = PBXFileReference; lastKnownFileType = text.plist.xml; path = Info.plist; sourceTree = "<group>"; };
		4E33DC1B236B5DFF00488F66 /* SwipingController.swift */ = {isa = PBXFileReference; lastKnownFileType = sourcecode.swift; path = SwipingController.swift; sourceTree = "<group>"; };
		4E33DC1D236BB76E00488F66 /* PageCell.swift */ = {isa = PBXFileReference; lastKnownFileType = sourcecode.swift; path = PageCell.swift; sourceTree = "<group>"; };
		4E33DC1F236CFCFD00488F66 /* Page.swift */ = {isa = PBXFileReference; lastKnownFileType = sourcecode.swift; path = Page.swift; sourceTree = "<group>"; };
		4E33DC212376718900488F66 /* SwipingController+Extension.swift */ = {isa = PBXFileReference; lastKnownFileType = sourcecode.swift; path = "SwipingController+Extension.swift"; sourceTree = "<group>"; };
/* End PBXFileReference section */

/* Begin PBXFrameworksBuildPhase section */
		4E33DC002363C31800488F66 /* Frameworks */ = {
			isa = PBXFrameworksBuildPhase;
			buildActionMask = 2147483647;
			files = (
			);
			runOnlyForDeploymentPostprocessing = 0;
		};
/* End PBXFrameworksBuildPhase section */

/* Begin PBXGroup section */
		4E33DBFA2363C31800488F66 = {
			isa = PBXGroup;
			children = (
				4E33DC052363C31800488F66 /* AutoLayoutProgrammatically */,
				4E33DC042363C31800488F66 /* Products */,
			);
			sourceTree = "<group>";
		};
		4E33DC042363C31800488F66 /* Products */ = {
			isa = PBXGroup;
			children = (
				4E33DC032363C31800488F66 /* AutoLayoutProgrammatically.app */,
			);
			name = Products;
			sourceTree = "<group>";
		};
		4E33DC052363C31800488F66 /* AutoLayoutProgrammatically */ = {
			isa = PBXGroup;
			children = (
				4E33DC1D236BB76E00488F66 /* PageCell.swift */,
				4E33DC062363C31800488F66 /* AppDelegate.swift */,
				4E33DC1A2368F45000488F66 /* Supporting */,
				4E33DC0A2363C31800488F66 /* ViewController.swift */,
				4E33DC0C2363C31800488F66 /* Main.storyboard */,
				4E33DC0F2363C31B00488F66 /* Assets.xcassets */,
				4E33DC142363C31B00488F66 /* Info.plist */,
				4E33DC1B236B5DFF00488F66 /* SwipingController.swift */,
				4E33DC212376718900488F66 /* SwipingController+Extension.swift */,
				4E33DC1F236CFCFD00488F66 /* Page.swift */,
			);
			path = AutoLayoutProgrammatically;
			sourceTree = "<group>";
		};
		4E33DC1A2368F45000488F66 /* Supporting */ = {
			isa = PBXGroup;
			children = (
				4E33DC082363C31800488F66 /* SceneDelegate.swift */,
				4E33DC112363C31B00488F66 /* LaunchScreen.storyboard */,
			);
			path = Supporting;
			sourceTree = "<group>";
		};
/* End PBXGroup section */

/* Begin PBXNativeTarget section */
		4E33DC022363C31800488F66 /* AutoLayoutProgrammatically */ = {
			isa = PBXNativeTarget;
			buildConfigurationList = 4E33DC172363C31B00488F66 /* Build configuration list for PBXNativeTarget "AutoLayoutProgrammatically" */;
			buildPhases = (
				4E33DBFF2363C31800488F66 /* Sources */,
				4E33DC002363C31800488F66 /* Frameworks */,
				4E33DC012363C31800488F66 /* Resources */,
			);
			buildRules = (
			);
			dependencies = (
			);
			name = AutoLayoutProgrammatically;
			productName = AutoLayoutProgrammatically;
			productReference = 4E33DC032363C31800488F66 /* AutoLayoutProgrammatically.app */;
			productType = "com.apple.product-type.application";
		};
/* End PBXNativeTarget section */

/* Begin PBXProject section */
		4E33DBFB2363C31800488F66 /* Project object */ = {
			isa = PBXProject;
			attributes = {
				LastSwiftUpdateCheck = 1100;
				LastUpgradeCheck = 1100;
				ORGANIZATIONNAME = frankusu;
				TargetAttributes = {
					4E33DC022363C31800488F66 = {
						CreatedOnToolsVersion = 11.0;
					};
				};
			};
			buildConfigurationList = 4E33DBFE2363C31800488F66 /* Build configuration list for PBXProject "AutoLayoutProgrammatically" */;
			compatibilityVersion = "Xcode 9.3";
			developmentRegion = en;
			hasScannedForEncodings = 0;
			knownRegions = (
				en,
				Base,
			);
			mainGroup = 4E33DBFA2363C31800488F66;
			productRefGroup = 4E33DC042363C31800488F66 /* Products */;
			projectDirPath = "";
			projectRoot = "";
			targets = (
				4E33DC022363C31800488F66 /* AutoLayoutProgrammatically */,
			);
		};
/* End PBXProject section */

/* Begin PBXResourcesBuildPhase section */
		4E33DC012363C31800488F66 /* Resources */ = {
			isa = PBXResourcesBuildPhase;
			buildActionMask = 2147483647;
			files = (
				4E33DC132363C31B00488F66 /* LaunchScreen.storyboard in Resources */,
				4E33DC102363C31B00488F66 /* Assets.xcassets in Resources */,
				4E33DC0E2363C31800488F66 /* Main.storyboard in Resources */,
			);
			runOnlyForDeploymentPostprocessing = 0;
		};
/* End PBXResourcesBuildPhase section */

/* Begin PBXSourcesBuildPhase section */
		4E33DBFF2363C31800488F66 /* Sources */ = {
			isa = PBXSourcesBuildPhase;
			buildActionMask = 2147483647;
			files = (
				4E33DC0B2363C31800488F66 /* ViewController.swift in Sources */,
				4E33DC1E236BB76E00488F66 /* PageCell.swift in Sources */,
				4E33DC222376718900488F66 /* SwipingController+Extension.swift in Sources */,
				4E33DC20236CFCFE00488F66 /* Page.swift in Sources */,
				4E33DC072363C31800488F66 /* AppDelegate.swift in Sources */,
				4E33DC092363C31800488F66 /* SceneDelegate.swift in Sources */,
				4E33DC1C236B5DFF00488F66 /* SwipingController.swift in Sources */,
			);
			runOnlyForDeploymentPostprocessing = 0;
		};
/* End PBXSourcesBuildPhase section */

/* Begin PBXVariantGroup section */
		4E33DC0C2363C31800488F66 /* Main.storyboard */ = {
			isa = PBXVariantGroup;
			children = (
				4E33DC0D2363C31800488F66 /* Base */,
			);
			name = Main.storyboard;
			sourceTree = "<group>";
		};
		4E33DC112363C31B00488F66 /* LaunchScreen.storyboard */ = {
			isa = PBXVariantGroup;
			children = (
				4E33DC122363C31B00488F66 /* Base */,
			);
			name = LaunchScreen.storyboard;
			sourceTree = "<group>";
		};
/* End PBXVariantGroup section */

/* Begin XCBuildConfiguration section */
		4E33DC152363C31B00488F66 /* Debug */ = {
			isa = XCBuildConfiguration;
			buildSettings = {
				ALWAYS_SEARCH_USER_PATHS = NO;
				CLANG_ANALYZER_NONNULL = YES;
				CLANG_ANALYZER_NUMBER_OBJECT_CONVERSION = YES_AGGRESSIVE;
				CLANG_CXX_LANGUAGE_STANDARD = "gnu++14";
				CLANG_CXX_LIBRARY = "libc++";
				CLANG_ENABLE_MODULES = YES;
				CLANG_ENABLE_OBJC_ARC = YES;
				CLANG_ENABLE_OBJC_WEAK = YES;
				CLANG_WARN_BLOCK_CAPTURE_AUTORELEASING = YES;
				CLANG_WARN_BOOL_CONVERSION = YES;
				CLANG_WARN_COMMA = YES;
				CLANG_WARN_CONSTANT_CONVERSION = YES;
				CLANG_WARN_DEPRECATED_OBJC_IMPLEMENTATIONS = YES;
				CLANG_WARN_DIRECT_OBJC_ISA_USAGE = YES_ERROR;
				CLANG_WARN_DOCUMENTATION_COMMENTS = YES;
				CLANG_WARN_EMPTY_BODY = YES;
				CLANG_WARN_ENUM_CONVERSION = YES;
				CLANG_WARN_INFINITE_RECURSION = YES;
				CLANG_WARN_INT_CONVERSION = YES;
				CLANG_WARN_NON_LITERAL_NULL_CONVERSION = YES;
				CLANG_WARN_OBJC_IMPLICIT_RETAIN_SELF = YES;
				CLANG_WARN_OBJC_LITERAL_CONVERSION = YES;
				CLANG_WARN_OBJC_ROOT_CLASS = YES_ERROR;
				CLANG_WARN_RANGE_LOOP_ANALYSIS = YES;
				CLANG_WARN_STRICT_PROTOTYPES = YES;
				CLANG_WARN_SUSPICIOUS_MOVE = YES;
				CLANG_WARN_UNGUARDED_AVAILABILITY = YES_AGGRESSIVE;
				CLANG_WARN_UNREACHABLE_CODE = YES;
				CLANG_WARN__DUPLICATE_METHOD_MATCH = YES;
				COPY_PHASE_STRIP = NO;
				DEBUG_INFORMATION_FORMAT = dwarf;
				ENABLE_STRICT_OBJC_MSGSEND = YES;
				ENABLE_TESTABILITY = YES;
				GCC_C_LANGUAGE_STANDARD = gnu11;
				GCC_DYNAMIC_NO_PIC = NO;
				GCC_NO_COMMON_BLOCKS = YES;
				GCC_OPTIMIZATION_LEVEL = 0;
				GCC_PREPROCESSOR_DEFINITIONS = (
					"DEBUG=1",
					"$(inherited)",
				);
				GCC_WARN_64_TO_32_BIT_CONVERSION = YES;
				GCC_WARN_ABOUT_RETURN_TYPE = YES_ERROR;
				GCC_WARN_UNDECLARED_SELECTOR = YES;
				GCC_WARN_UNINITIALIZED_AUTOS = YES_AGGRESSIVE;
				GCC_WARN_UNUSED_FUNCTION = YES;
				GCC_WARN_UNUSED_VARIABLE = YES;
				IPHONEOS_DEPLOYMENT_TARGET = 13.0;
				MTL_ENABLE_DEBUG_INFO = INCLUDE_SOURCE;
				MTL_FAST_MATH = YES;
				ONLY_ACTIVE_ARCH = YES;
				SDKROOT = iphoneos;
				SWIFT_ACTIVE_COMPILATION_CONDITIONS = DEBUG;
				SWIFT_OPTIMIZATION_LEVEL = "-Onone";
			};
			name = Debug;
		};
		4E33DC162363C31B00488F66 /* Release */ = {
			isa = XCBuildConfiguration;
			buildSettings = {
				ALWAYS_SEARCH_USER_PATHS = NO;
				CLANG_ANALYZER_NONNULL = YES;
				CLANG_ANALYZER_NUMBER_OBJECT_CONVERSION = YES_AGGRESSIVE;
				CLANG_CXX_LANGUAGE_STANDARD = "gnu++14";
				CLANG_CXX_LIBRARY = "libc++";
				CLANG_ENABLE_MODULES = YES;
				CLANG_ENABLE_OBJC_ARC = YES;
				CLANG_ENABLE_OBJC_WEAK = YES;
				CLANG_WARN_BLOCK_CAPTURE_AUTORELEASING = YES;
				CLANG_WARN_BOOL_CONVERSION = YES;
				CLANG_WARN_COMMA = YES;
				CLANG_WARN_CONSTANT_CONVERSION = YES;
				CLANG_WARN_DEPRECATED_OBJC_IMPLEMENTATIONS = YES;
				CLANG_WARN_DIRECT_OBJC_ISA_USAGE = YES_ERROR;
				CLANG_WARN_DOCUMENTATION_COMMENTS = YES;
				CLANG_WARN_EMPTY_BODY = YES;
				CLANG_WARN_ENUM_CONVERSION = YES;
				CLANG_WARN_INFINITE_RECURSION = YES;
				CLANG_WARN_INT_CONVERSION = YES;
				CLANG_WARN_NON_LITERAL_NULL_CONVERSION = YES;
				CLANG_WARN_OBJC_IMPLICIT_RETAIN_SELF = YES;
				CLANG_WARN_OBJC_LITERAL_CONVERSION = YES;
				CLANG_WARN_OBJC_ROOT_CLASS = YES_ERROR;
				CLANG_WARN_RANGE_LOOP_ANALYSIS = YES;
				CLANG_WARN_STRICT_PROTOTYPES = YES;
				CLANG_WARN_SUSPICIOUS_MOVE = YES;
				CLANG_WARN_UNGUARDED_AVAILABILITY = YES_AGGRESSIVE;
				CLANG_WARN_UNREACHABLE_CODE = YES;
				CLANG_WARN__DUPLICATE_METHOD_MATCH = YES;
				COPY_PHASE_STRIP = NO;
				DEBUG_INFORMATION_FORMAT = "dwarf-with-dsym";
				ENABLE_NS_ASSERTIONS = NO;
				ENABLE_STRICT_OBJC_MSGSEND = YES;
				GCC_C_LANGUAGE_STANDARD = gnu11;
				GCC_NO_COMMON_BLOCKS = YES;
				GCC_WARN_64_TO_32_BIT_CONVERSION = YES;
				GCC_WARN_ABOUT_RETURN_TYPE = YES_ERROR;
				GCC_WARN_UNDECLARED_SELECTOR = YES;
				GCC_WARN_UNINITIALIZED_AUTOS = YES_AGGRESSIVE;
				GCC_WARN_UNUSED_FUNCTION = YES;
				GCC_WARN_UNUSED_VARIABLE = YES;
				IPHONEOS_DEPLOYMENT_TARGET = 13.0;
				MTL_ENABLE_DEBUG_INFO = NO;
				MTL_FAST_MATH = YES;
				SDKROOT = iphoneos;
				SWIFT_COMPILATION_MODE = wholemodule;
				SWIFT_OPTIMIZATION_LEVEL = "-O";
				VALIDATE_PRODUCT = YES;
			};
			name = Release;
		};
		4E33DC182363C31B00488F66 /* Debug */ = {
			isa = XCBuildConfiguration;
			buildSettings = {
				ASSETCATALOG_COMPILER_APPICON_NAME = AppIcon;
				CODE_SIGN_STYLE = Automatic;
				DEVELOPMENT_TEAM = 98RXKD757B;
				INFOPLIST_FILE = AutoLayoutProgrammatically/Info.plist;
				LD_RUNPATH_SEARCH_PATHS = (
					"$(inherited)",
					"@executable_path/Frameworks",
				);
				PRODUCT_BUNDLE_IDENTIFIER = com.frankusu.AutoLayoutProgrammatically;
				PRODUCT_NAME = "$(TARGET_NAME)";
				SWIFT_VERSION = 5.0;
				TARGETED_DEVICE_FAMILY = "1,2";
			};
			name = Debug;
		};
		4E33DC192363C31B00488F66 /* Release */ = {
			isa = XCBuildConfiguration;
			buildSettings = {
				ASSETCATALOG_COMPILER_APPICON_NAME = AppIcon;
				CODE_SIGN_STYLE = Automatic;
				DEVELOPMENT_TEAM = 98RXKD757B;
				INFOPLIST_FILE = AutoLayoutProgrammatically/Info.plist;
				LD_RUNPATH_SEARCH_PATHS = (
					"$(inherited)",
					"@executable_path/Frameworks",
				);
				PRODUCT_BUNDLE_IDENTIFIER = com.frankusu.AutoLayoutProgrammatically;
				PRODUCT_NAME = "$(TARGET_NAME)";
				SWIFT_VERSION = 5.0;
				TARGETED_DEVICE_FAMILY = "1,2";
			};
			name = Release;
		};
/* End XCBuildConfiguration section */

/* Begin XCConfigurationList section */
		4E33DBFE2363C31800488F66 /* Build configuration list for PBXProject "AutoLayoutProgrammatically" */ = {
			isa = XCConfigurationList;
			buildConfigurations = (
				4E33DC152363C31B00488F66 /* Debug */,
				4E33DC162363C31B00488F66 /* Release */,
			);
			defaultConfigurationIsVisible = 0;
			defaultConfigurationName = Release;
		};
		4E33DC172363C31B00488F66 /* Build configuration list for PBXNativeTarget "AutoLayoutProgrammatically" */ = {
			isa = XCConfigurationList;
			buildConfigurations = (
				4E33DC182363C31B00488F66 /* Debug */,
				4E33DC192363C31B00488F66 /* Release */,
			);
			defaultConfigurationIsVisible = 0;
			defaultConfigurationName = Release;
		};
/* End XCConfigurationList section */
	};
	rootObject = 4E33DBFB2363C31800488F66 /* Project object */;
}
